
Microsoft Visual Studio Solution File, Format Version 12.00
# Visual Studio Version 16
VisualStudioVersion = 16.0.29424.173
MinimumVisualStudioVersion = 10.0.40219.1
Project("{FAE04EC0-301F-11D3-BF4B-00C04F79EFBC}") = "WebFormClient", "WebFormClient\WebFormClient.csproj", "{33DA3253-3E65-416F-949B-8468635DF623}"
EndProject
Global
	GlobalSection(SolutionConfigurationPlatforms) = preSolution
		Debug|Any CPU = Debug|Any CPU
		Release|Any CPU = Release|Any CPU
	EndGlobalSection
	GlobalSection(ProjectConfigurationPlatforms) = postSolution
		{33DA3253-3E65-416F-949B-8468635DF623}.Debug|Any CPU.ActiveCfg = Debug|Any CPU
		{33DA3253-3E65-416F-949B-8468635DF623}.Debug|Any CPU.Build.0 = Debug|Any CPU
		{33DA3253-3E65-416F-949B-8468635DF623}.Release|Any CPU.ActiveCfg = Release|Any CPU
		{33DA3253-3E65-416F-949B-8468635DF623}.Release|Any CPU.Build.0 = Release|Any CPU
	EndGlobalSection
	GlobalSection(SolutionProperties) = preSolution
		HideSolutionNode = FALSE
	EndGlobalSection
	GlobalSection(ExtensibilityGlobals) = postSolution
		SolutionGuid = {1DDA2D9F-912D-4D6E-A2C2-312EDD716B4D}
	EndGlobalSection
EndGlobal
